
Microsoft Visual Studio Solution File, Format Version 12.00
# Visual Studio Version 16
VisualStudioVersion = 16.0.31515.178
MinimumVisualStudioVersion = 10.0.40219.1
Project("{FAE04EC0-301F-11D3-BF4B-00C04F79EFBC}") = "Analog-Clock-App", "Analog-Clock-App\Analog-Clock-App.csproj", "{2D6990DE-F4DA-4076-83A5-7F9153CC48DC}"
EndProject
Global
	GlobalSection(SolutionConfigurationPlatforms) = preSolution
		Debug|Any CPU = Debug|Any CPU
		Release|Any CPU = Release|Any CPU
	EndGlobalSection
	GlobalSection(ProjectConfigurationPlatforms) = postSolution
		{2D6990DE-F4DA-4076-83A5-7F9153CC48DC}.Debug|Any CPU.ActiveCfg = Debug|Any CPU
		{2D6990DE-F4DA-4076-83A5-7F9153CC48DC}.Debug|Any CPU.Build.0 = Debug|Any CPU
		{2D6990DE-F4DA-4076-83A5-7F9153CC48DC}.Release|Any CPU.ActiveCfg = Release|Any CPU
		{2D6990DE-F4DA-4076-83A5-7F9153CC48DC}.Release|Any CPU.Build.0 = Release|Any CPU
	EndGlobalSection
	GlobalSection(SolutionProperties) = preSolution
		HideSolutionNode = FALSE
	EndGlobalSection
	GlobalSection(ExtensibilityGlobals) = postSolution
		SolutionGuid = {CFB10282-3397-469A-B5DA-3B9AF81635B2}
	EndGlobalSection
EndGlobal
